// !$*UTF8*$!
{
	archiveVersion = 1;
	classes = {
	};
	objectVersion = 55;
	objects = {

/* Begin PBXBuildFile section */
		1EDAA92EDF11D2B923DAF49D /* Pods_memory_game.framework in Frameworks */ = {isa = PBXBuildFile; fileRef = 82E7D79DD5F8243DE3AFA364 /* Pods_memory_game.framework */; };
		2908A1DC2889DCB300AB4E17 /* MemoryGame.swift in Sources */ = {isa = PBXBuildFile; fileRef = 2908A1DB2889DCB300AB4E17 /* MemoryGame.swift */; };
		294A83302889A51F00B67A83 /* AppDelegate.swift in Sources */ = {isa = PBXBuildFile; fileRef = 294A832F2889A51F00B67A83 /* AppDelegate.swift */; };
		294A83322889A51F00B67A83 /* SceneDelegate.swift in Sources */ = {isa = PBXBuildFile; fileRef = 294A83312889A51F00B67A83 /* SceneDelegate.swift */; };
		294A83342889A51F00B67A83 /* ViewController.swift in Sources */ = {isa = PBXBuildFile; fileRef = 294A83332889A51F00B67A83 /* ViewController.swift */; };
		294A83392889A52100B67A83 /* Assets.xcassets in Resources */ = {isa = PBXBuildFile; fileRef = 294A83382889A52100B67A83 /* Assets.xcassets */; };
		294A833C2889A52100B67A83 /* LaunchScreen.storyboard in Resources */ = {isa = PBXBuildFile; fileRef = 294A833A2889A52100B67A83 /* LaunchScreen.storyboard */; };
		294A83472889A52100B67A83 /* memory_gameTests.swift in Sources */ = {isa = PBXBuildFile; fileRef = 294A83462889A52100B67A83 /* memory_gameTests.swift */; };
		294A83512889A52100B67A83 /* memory_gameUITests.swift in Sources */ = {isa = PBXBuildFile; fileRef = 294A83502889A52100B67A83 /* memory_gameUITests.swift */; };
		294A83532889A52100B67A83 /* memory_gameUITestsLaunchTests.swift in Sources */ = {isa = PBXBuildFile; fileRef = 294A83522889A52100B67A83 /* memory_gameUITestsLaunchTests.swift */; };
		29FE1468289172710083FD6A /* String+AttributedText.swift in Sources */ = {isa = PBXBuildFile; fileRef = 29FE1467289172710083FD6A /* String+AttributedText.swift */; };
		738586DEEE6B4B949F9943B2 /* Pods_memory_game_memory_gameUITests.framework in Frameworks */ = {isa = PBXBuildFile; fileRef = 7395AF34B06221AFA677CC43 /* Pods_memory_game_memory_gameUITests.framework */; };
		B789DF57818E82FA53E28FFA /* Pods_memory_gameTests.framework in Frameworks */ = {isa = PBXBuildFile; fileRef = 084AC9076813D8A6AA15B5AB /* Pods_memory_gameTests.framework */; };
/* End PBXBuildFile section */

/* Begin PBXContainerItemProxy section */
		294A83432889A52100B67A83 /* PBXContainerItemProxy */ = {
			isa = PBXContainerItemProxy;
			containerPortal = 294A83242889A51F00B67A83 /* Project object */;
			proxyType = 1;
			remoteGlobalIDString = 294A832B2889A51F00B67A83;
			remoteInfo = "memory-game";
		};
		294A834D2889A52100B67A83 /* PBXContainerItemProxy */ = {
			isa = PBXContainerItemProxy;
			containerPortal = 294A83242889A51F00B67A83 /* Project object */;
			proxyType = 1;
			remoteGlobalIDString = 294A832B2889A51F00B67A83;
			remoteInfo = "memory-game";
		};
/* End PBXContainerItemProxy section */

/* Begin PBXFileReference section */
		084AC9076813D8A6AA15B5AB /* Pods_memory_gameTests.framework */ = {isa = PBXFileReference; explicitFileType = wrapper.framework; includeInIndex = 0; path = Pods_memory_gameTests.framework; sourceTree = BUILT_PRODUCTS_DIR; };
		2908A1DB2889DCB300AB4E17 /* MemoryGame.swift */ = {isa = PBXFileReference; lastKnownFileType = sourcecode.swift; path = MemoryGame.swift; sourceTree = "<group>"; };
		294A832C2889A51F00B67A83 /* memory-game.app */ = {isa = PBXFileReference; explicitFileType = wrapper.application; includeInIndex = 0; path = "memory-game.app"; sourceTree = BUILT_PRODUCTS_DIR; };
		294A832F2889A51F00B67A83 /* AppDelegate.swift */ = {isa = PBXFileReference; lastKnownFileType = sourcecode.swift; path = AppDelegate.swift; sourceTree = "<group>"; };
		294A83312889A51F00B67A83 /* SceneDelegate.swift */ = {isa = PBXFileReference; lastKnownFileType = sourcecode.swift; path = SceneDelegate.swift; sourceTree = "<group>"; };
		294A83332889A51F00B67A83 /* ViewController.swift */ = {isa = PBXFileReference; lastKnownFileType = sourcecode.swift; path = ViewController.swift; sourceTree = "<group>"; };
		294A83382889A52100B67A83 /* Assets.xcassets */ = {isa = PBXFileReference; lastKnownFileType = folder.assetcatalog; path = Assets.xcassets; sourceTree = "<group>"; };
		294A833B2889A52100B67A83 /* Base */ = {isa = PBXFileReference; lastKnownFileType = file.storyboard; name = Base; path = Base.lproj/LaunchScreen.storyboard; sourceTree = "<group>"; };
		294A833D2889A52100B67A83 /* Info.plist */ = {isa = PBXFileReference; lastKnownFileType = text.plist.xml; path = Info.plist; sourceTree = "<group>"; };
		294A83422889A52100B67A83 /* memory-gameTests.xctest */ = {isa = PBXFileReference; explicitFileType = wrapper.cfbundle; includeInIndex = 0; path = "memory-gameTests.xctest"; sourceTree = BUILT_PRODUCTS_DIR; };
		294A83462889A52100B67A83 /* memory_gameTests.swift */ = {isa = PBXFileReference; lastKnownFileType = sourcecode.swift; path = memory_gameTests.swift; sourceTree = "<group>"; };
		294A834C2889A52100B67A83 /* memory-gameUITests.xctest */ = {isa = PBXFileReference; explicitFileType = wrapper.cfbundle; includeInIndex = 0; path = "memory-gameUITests.xctest"; sourceTree = BUILT_PRODUCTS_DIR; };
		294A83502889A52100B67A83 /* memory_gameUITests.swift */ = {isa = PBXFileReference; lastKnownFileType = sourcecode.swift; path = memory_gameUITests.swift; sourceTree = "<group>"; };
		294A83522889A52100B67A83 /* memory_gameUITestsLaunchTests.swift */ = {isa = PBXFileReference; lastKnownFileType = sourcecode.swift; path = memory_gameUITestsLaunchTests.swift; sourceTree = "<group>"; };
		297D145E29485CBFE42E5F7F /* Pods-memory-game-memory-gameUITests.debug.xcconfig */ = {isa = PBXFileReference; includeInIndex = 1; lastKnownFileType = text.xcconfig; name = "Pods-memory-game-memory-gameUITests.debug.xcconfig"; path = "Target Support Files/Pods-memory-game-memory-gameUITests/Pods-memory-game-memory-gameUITests.debug.xcconfig"; sourceTree = "<group>"; };
		29FE1467289172710083FD6A /* String+AttributedText.swift */ = {isa = PBXFileReference; lastKnownFileType = sourcecode.swift; path = "String+AttributedText.swift"; sourceTree = "<group>"; };
		404AD800233B81AFA0A866AA /* Pods-memory-game.release.xcconfig */ = {isa = PBXFileReference; includeInIndex = 1; lastKnownFileType = text.xcconfig; name = "Pods-memory-game.release.xcconfig"; path = "Target Support Files/Pods-memory-game/Pods-memory-game.release.xcconfig"; sourceTree = "<group>"; };
		4AF9CE2A11C4DB1F9D4CDB1B /* Pods-memory-game-memory-gameUITests.release.xcconfig */ = {isa = PBXFileReference; includeInIndex = 1; lastKnownFileType = text.xcconfig; name = "Pods-memory-game-memory-gameUITests.release.xcconfig"; path = "Target Support Files/Pods-memory-game-memory-gameUITests/Pods-memory-game-memory-gameUITests.release.xcconfig"; sourceTree = "<group>"; };
		7395AF34B06221AFA677CC43 /* Pods_memory_game_memory_gameUITests.framework */ = {isa = PBXFileReference; explicitFileType = wrapper.framework; includeInIndex = 0; path = Pods_memory_game_memory_gameUITests.framework; sourceTree = BUILT_PRODUCTS_DIR; };
		82E7D79DD5F8243DE3AFA364 /* Pods_memory_game.framework */ = {isa = PBXFileReference; explicitFileType = wrapper.framework; includeInIndex = 0; path = Pods_memory_game.framework; sourceTree = BUILT_PRODUCTS_DIR; };
		90B5C26EAA2D41FD20D2477A /* Pods-memory-gameTests.debug.xcconfig */ = {isa = PBXFileReference; includeInIndex = 1; lastKnownFileType = text.xcconfig; name = "Pods-memory-gameTests.debug.xcconfig"; path = "Target Support Files/Pods-memory-gameTests/Pods-memory-gameTests.debug.xcconfig"; sourceTree = "<group>"; };
		9DDC33EAAFAE7588809D722E /* Pods-memory-game.debug.xcconfig */ = {isa = PBXFileReference; includeInIndex = 1; lastKnownFileType = text.xcconfig; name = "Pods-memory-game.debug.xcconfig"; path = "Target Support Files/Pods-memory-game/Pods-memory-game.debug.xcconfig"; sourceTree = "<group>"; };
		BE16675030E07FDB849144FD /* Pods-memory-gameTests.release.xcconfig */ = {isa = PBXFileReference; includeInIndex = 1; lastKnownFileType = text.xcconfig; name = "Pods-memory-gameTests.release.xcconfig"; path = "Target Support Files/Pods-memory-gameTests/Pods-memory-gameTests.release.xcconfig"; sourceTree = "<group>"; };
/* End PBXFileReference section */

/* Begin PBXFrameworksBuildPhase section */
		294A83292889A51F00B67A83 /* Frameworks */ = {
			isa = PBXFrameworksBuildPhase;
			buildActionMask = 2147483647;
			files = (
				1EDAA92EDF11D2B923DAF49D /* Pods_memory_game.framework in Frameworks */,
			);
			runOnlyForDeploymentPostprocessing = 0;
		};
		294A833F2889A52100B67A83 /* Frameworks */ = {
			isa = PBXFrameworksBuildPhase;
			buildActionMask = 2147483647;
			files = (
				B789DF57818E82FA53E28FFA /* Pods_memory_gameTests.framework in Frameworks */,
			);
			runOnlyForDeploymentPostprocessing = 0;
		};
		294A83492889A52100B67A83 /* Frameworks */ = {
			isa = PBXFrameworksBuildPhase;
			buildActionMask = 2147483647;
			files = (
				738586DEEE6B4B949F9943B2 /* Pods_memory_game_memory_gameUITests.framework in Frameworks */,
			);
			runOnlyForDeploymentPostprocessing = 0;
		};
/* End PBXFrameworksBuildPhase section */

/* Begin PBXGroup section */
		294A83232889A51F00B67A83 = {
			isa = PBXGroup;
			children = (
				294A832E2889A51F00B67A83 /* memory-game */,
				294A83452889A52100B67A83 /* memory-gameTests */,
				294A834F2889A52100B67A83 /* memory-gameUITests */,
				294A832D2889A51F00B67A83 /* Products */,
				6E952482B0377453807E0B5D /* Pods */,
				8AE66A9B8A8465ECE56C09B5 /* Frameworks */,
			);
			sourceTree = "<group>";
		};
		294A832D2889A51F00B67A83 /* Products */ = {
			isa = PBXGroup;
			children = (
				294A832C2889A51F00B67A83 /* memory-game.app */,
				294A83422889A52100B67A83 /* memory-gameTests.xctest */,
				294A834C2889A52100B67A83 /* memory-gameUITests.xctest */,
			);
			name = Products;
			sourceTree = "<group>";
		};
		294A832E2889A51F00B67A83 /* memory-game */ = {
			isa = PBXGroup;
			children = (
				294A832F2889A51F00B67A83 /* AppDelegate.swift */,
				294A83312889A51F00B67A83 /* SceneDelegate.swift */,
				294A83332889A51F00B67A83 /* ViewController.swift */,
				294A83382889A52100B67A83 /* Assets.xcassets */,
				294A833A2889A52100B67A83 /* LaunchScreen.storyboard */,
				294A833D2889A52100B67A83 /* Info.plist */,
				2908A1DB2889DCB300AB4E17 /* MemoryGame.swift */,
				29FE1467289172710083FD6A /* String+AttributedText.swift */,
			);
			path = "memory-game";
			sourceTree = "<group>";
		};
		294A83452889A52100B67A83 /* memory-gameTests */ = {
			isa = PBXGroup;
			children = (
				294A83462889A52100B67A83 /* memory_gameTests.swift */,
			);
			path = "memory-gameTests";
			sourceTree = "<group>";
		};
		294A834F2889A52100B67A83 /* memory-gameUITests */ = {
			isa = PBXGroup;
			children = (
				294A83502889A52100B67A83 /* memory_gameUITests.swift */,
				294A83522889A52100B67A83 /* memory_gameUITestsLaunchTests.swift */,
			);
			path = "memory-gameUITests";
			sourceTree = "<group>";
		};
		6E952482B0377453807E0B5D /* Pods */ = {
			isa = PBXGroup;
			children = (
				9DDC33EAAFAE7588809D722E /* Pods-memory-game.debug.xcconfig */,
				404AD800233B81AFA0A866AA /* Pods-memory-game.release.xcconfig */,
				297D145E29485CBFE42E5F7F /* Pods-memory-game-memory-gameUITests.debug.xcconfig */,
				4AF9CE2A11C4DB1F9D4CDB1B /* Pods-memory-game-memory-gameUITests.release.xcconfig */,
				90B5C26EAA2D41FD20D2477A /* Pods-memory-gameTests.debug.xcconfig */,
				BE16675030E07FDB849144FD /* Pods-memory-gameTests.release.xcconfig */,
			);
			path = Pods;
			sourceTree = "<group>";
		};
		8AE66A9B8A8465ECE56C09B5 /* Frameworks */ = {
			isa = PBXGroup;
			children = (
				82E7D79DD5F8243DE3AFA364 /* Pods_memory_game.framework */,
				7395AF34B06221AFA677CC43 /* Pods_memory_game_memory_gameUITests.framework */,
				084AC9076813D8A6AA15B5AB /* Pods_memory_gameTests.framework */,
			);
			name = Frameworks;
			sourceTree = "<group>";
		};
/* End PBXGroup section */

/* Begin PBXNativeTarget section */
		294A832B2889A51F00B67A83 /* memory-game */ = {
			isa = PBXNativeTarget;
			buildConfigurationList = 294A83562889A52100B67A83 /* Build configuration list for PBXNativeTarget "memory-game" */;
			buildPhases = (
				5E83F2610EA1CC518915C7AA /* [CP] Check Pods Manifest.lock */,
				294A83282889A51F00B67A83 /* Sources */,
				294A83292889A51F00B67A83 /* Frameworks */,
				294A832A2889A51F00B67A83 /* Resources */,
				68ADEE120B0951B8F34144E1 /* [CP] Embed Pods Frameworks */,
			);
			buildRules = (
			);
			dependencies = (
			);
			name = "memory-game";
			productName = "memory-game";
			productReference = 294A832C2889A51F00B67A83 /* memory-game.app */;
			productType = "com.apple.product-type.application";
		};
		294A83412889A52100B67A83 /* memory-gameTests */ = {
			isa = PBXNativeTarget;
			buildConfigurationList = 294A83592889A52100B67A83 /* Build configuration list for PBXNativeTarget "memory-gameTests" */;
			buildPhases = (
				9C3DC610DFDBD1D3513C2E0B /* [CP] Check Pods Manifest.lock */,
				294A833E2889A52100B67A83 /* Sources */,
				294A833F2889A52100B67A83 /* Frameworks */,
				294A83402889A52100B67A83 /* Resources */,
			);
			buildRules = (
			);
			dependencies = (
				294A83442889A52100B67A83 /* PBXTargetDependency */,
			);
			name = "memory-gameTests";
			productName = "memory-gameTests";
			productReference = 294A83422889A52100B67A83 /* memory-gameTests.xctest */;
			productType = "com.apple.product-type.bundle.unit-test";
		};
		294A834B2889A52100B67A83 /* memory-gameUITests */ = {
			isa = PBXNativeTarget;
			buildConfigurationList = 294A835C2889A52100B67A83 /* Build configuration list for PBXNativeTarget "memory-gameUITests" */;
			buildPhases = (
				7C643F4B6E66DA3D89F73E6B /* [CP] Check Pods Manifest.lock */,
				294A83482889A52100B67A83 /* Sources */,
				294A83492889A52100B67A83 /* Frameworks */,
				294A834A2889A52100B67A83 /* Resources */,
				F0F241AA2DB034FE8B74B846 /* [CP] Embed Pods Frameworks */,
			);
			buildRules = (
			);
			dependencies = (
				294A834E2889A52100B67A83 /* PBXTargetDependency */,
			);
			name = "memory-gameUITests";
			productName = "memory-gameUITests";
			productReference = 294A834C2889A52100B67A83 /* memory-gameUITests.xctest */;
			productType = "com.apple.product-type.bundle.ui-testing";
		};
/* End PBXNativeTarget section */

/* Begin PBXProject section */
		294A83242889A51F00B67A83 /* Project object */ = {
			isa = PBXProject;
			attributes = {
				BuildIndependentTargetsInParallel = 1;
				LastSwiftUpdateCheck = 1340;
				LastUpgradeCheck = 1340;
				TargetAttributes = {
					294A832B2889A51F00B67A83 = {
						CreatedOnToolsVersion = 13.4.1;
					};
					294A83412889A52100B67A83 = {
						CreatedOnToolsVersion = 13.4.1;
						TestTargetID = 294A832B2889A51F00B67A83;
					};
					294A834B2889A52100B67A83 = {
						CreatedOnToolsVersion = 13.4.1;
						TestTargetID = 294A832B2889A51F00B67A83;
					};
				};
			};
			buildConfigurationList = 294A83272889A51F00B67A83 /* Build configuration list for PBXProject "memory-game" */;
			compatibilityVersion = "Xcode 13.0";
			developmentRegion = en;
			hasScannedForEncodings = 0;
			knownRegions = (
				en,
				Base,
			);
			mainGroup = 294A83232889A51F00B67A83;
			productRefGroup = 294A832D2889A51F00B67A83 /* Products */;
			projectDirPath = "";
			projectRoot = "";
			targets = (
				294A832B2889A51F00B67A83 /* memory-game */,
				294A83412889A52100B67A83 /* memory-gameTests */,
				294A834B2889A52100B67A83 /* memory-gameUITests */,
			);
		};
/* End PBXProject section */

/* Begin PBXResourcesBuildPhase section */
		294A832A2889A51F00B67A83 /* Resources */ = {
			isa = PBXResourcesBuildPhase;
			buildActionMask = 2147483647;
			files = (
				294A833C2889A52100B67A83 /* LaunchScreen.storyboard in Resources */,
				294A83392889A52100B67A83 /* Assets.xcassets in Resources */,
			);
			runOnlyForDeploymentPostprocessing = 0;
		};
		294A83402889A52100B67A83 /* Resources */ = {
			isa = PBXResourcesBuildPhase;
			buildActionMask = 2147483647;
			files = (
			);
			runOnlyForDeploymentPostprocessing = 0;
		};
		294A834A2889A52100B67A83 /* Resources */ = {
			isa = PBXResourcesBuildPhase;
			buildActionMask = 2147483647;
			files = (
			);
			runOnlyForDeploymentPostprocessing = 0;
		};
/* End PBXResourcesBuildPhase section */

/* Begin PBXShellScriptBuildPhase section */
		5E83F2610EA1CC518915C7AA /* [CP] Check Pods Manifest.lock */ = {
			isa = PBXShellScriptBuildPhase;
			buildActionMask = 2147483647;
			files = (
			);
			inputFileListPaths = (
			);
			inputPaths = (
				"${PODS_PODFILE_DIR_PATH}/Podfile.lock",
				"${PODS_ROOT}/Manifest.lock",
			);
			name = "[CP] Check Pods Manifest.lock";
			outputFileListPaths = (
			);
			outputPaths = (
				"$(DERIVED_FILE_DIR)/Pods-memory-game-checkManifestLockResult.txt",
			);
			runOnlyForDeploymentPostprocessing = 0;
			shellPath = /bin/sh;
			shellScript = "diff \"${PODS_PODFILE_DIR_PATH}/Podfile.lock\" \"${PODS_ROOT}/Manifest.lock\" > /dev/null\nif [ $? != 0 ] ; then\n    # print error to STDERR\n    echo \"error: The sandbox is not in sync with the Podfile.lock. Run 'pod install' or update your CocoaPods installation.\" >&2\n    exit 1\nfi\n# This output is used by Xcode 'outputs' to avoid re-running this script phase.\necho \"SUCCESS\" > \"${SCRIPT_OUTPUT_FILE_0}\"\n";
			showEnvVarsInLog = 0;
		};
		68ADEE120B0951B8F34144E1 /* [CP] Embed Pods Frameworks */ = {
			isa = PBXShellScriptBuildPhase;
			buildActionMask = 2147483647;
			files = (
			);
			inputFileListPaths = (
				"${PODS_ROOT}/Target Support Files/Pods-memory-game/Pods-memory-game-frameworks-${CONFIGURATION}-input-files.xcfilelist",
			);
			name = "[CP] Embed Pods Frameworks";
			outputFileListPaths = (
				"${PODS_ROOT}/Target Support Files/Pods-memory-game/Pods-memory-game-frameworks-${CONFIGURATION}-output-files.xcfilelist",
			);
			runOnlyForDeploymentPostprocessing = 0;
			shellPath = /bin/sh;
			shellScript = "\"${PODS_ROOT}/Target Support Files/Pods-memory-game/Pods-memory-game-frameworks.sh\"\n";
			showEnvVarsInLog = 0;
		};
		7C643F4B6E66DA3D89F73E6B /* [CP] Check Pods Manifest.lock */ = {
			isa = PBXShellScriptBuildPhase;
			buildActionMask = 2147483647;
			files = (
			);
			inputFileListPaths = (
			);
			inputPaths = (
				"${PODS_PODFILE_DIR_PATH}/Podfile.lock",
				"${PODS_ROOT}/Manifest.lock",
			);
			name = "[CP] Check Pods Manifest.lock";
			outputFileListPaths = (
			);
			outputPaths = (
				"$(DERIVED_FILE_DIR)/Pods-memory-game-memory-gameUITests-checkManifestLockResult.txt",
			);
			runOnlyForDeploymentPostprocessing = 0;
			shellPath = /bin/sh;
			shellScript = "diff \"${PODS_PODFILE_DIR_PATH}/Podfile.lock\" \"${PODS_ROOT}/Manifest.lock\" > /dev/null\nif [ $? != 0 ] ; then\n    # print error to STDERR\n    echo \"error: The sandbox is not in sync with the Podfile.lock. Run 'pod install' or update your CocoaPods installation.\" >&2\n    exit 1\nfi\n# This output is used by Xcode 'outputs' to avoid re-running this script phase.\necho \"SUCCESS\" > \"${SCRIPT_OUTPUT_FILE_0}\"\n";
			showEnvVarsInLog = 0;
		};
		9C3DC610DFDBD1D3513C2E0B /* [CP] Check Pods Manifest.lock */ = {
			isa = PBXShellScriptBuildPhase;
			buildActionMask = 2147483647;
			files = (
			);
			inputFileListPaths = (
			);
			inputPaths = (
				"${PODS_PODFILE_DIR_PATH}/Podfile.lock",
				"${PODS_ROOT}/Manifest.lock",
			);
			name = "[CP] Check Pods Manifest.lock";
			outputFileListPaths = (
			);
			outputPaths = (
				"$(DERIVED_FILE_DIR)/Pods-memory-gameTests-checkManifestLockResult.txt",
			);
			runOnlyForDeploymentPostprocessing = 0;
			shellPath = /bin/sh;
			shellScript = "diff \"${PODS_PODFILE_DIR_PATH}/Podfile.lock\" \"${PODS_ROOT}/Manifest.lock\" > /dev/null\nif [ $? != 0 ] ; then\n    # print error to STDERR\n    echo \"error: The sandbox is not in sync with the Podfile.lock. Run 'pod install' or update your CocoaPods installation.\" >&2\n    exit 1\nfi\n# This output is used by Xcode 'outputs' to avoid re-running this script phase.\necho \"SUCCESS\" > \"${SCRIPT_OUTPUT_FILE_0}\"\n";
			showEnvVarsInLog = 0;
		};
		F0F241AA2DB034FE8B74B846 /* [CP] Embed Pods Frameworks */ = {
			isa = PBXShellScriptBuildPhase;
			buildActionMask = 2147483647;
			files = (
			);
			inputFileListPaths = (
				"${PODS_ROOT}/Target Support Files/Pods-memory-game-memory-gameUITests/Pods-memory-game-memory-gameUITests-frameworks-${CONFIGURATION}-input-files.xcfilelist",
			);
			name = "[CP] Embed Pods Frameworks";
			outputFileListPaths = (
				"${PODS_ROOT}/Target Support Files/Pods-memory-game-memory-gameUITests/Pods-memory-game-memory-gameUITests-frameworks-${CONFIGURATION}-output-files.xcfilelist",
			);
			runOnlyForDeploymentPostprocessing = 0;
			shellPath = /bin/sh;
			shellScript = "\"${PODS_ROOT}/Target Support Files/Pods-memory-game-memory-gameUITests/Pods-memory-game-memory-gameUITests-frameworks.sh\"\n";
			showEnvVarsInLog = 0;
		};
/* End PBXShellScriptBuildPhase section */

/* Begin PBXSourcesBuildPhase section */
		294A83282889A51F00B67A83 /* Sources */ = {
			isa = PBXSourcesBuildPhase;
			buildActionMask = 2147483647;
			files = (
				294A83342889A51F00B67A83 /* ViewController.swift in Sources */,
				294A83302889A51F00B67A83 /* AppDelegate.swift in Sources */,
				29FE1468289172710083FD6A /* String+AttributedText.swift in Sources */,
				2908A1DC2889DCB300AB4E17 /* MemoryGame.swift in Sources */,
				294A83322889A51F00B67A83 /* SceneDelegate.swift in Sources */,
			);
			runOnlyForDeploymentPostprocessing = 0;
		};
		294A833E2889A52100B67A83 /* Sources */ = {
			isa = PBXSourcesBuildPhase;
			buildActionMask = 2147483647;
			files = (
				294A83472889A52100B67A83 /* memory_gameTests.swift in Sources */,
			);
			runOnlyForDeploymentPostprocessing = 0;
		};
		294A83482889A52100B67A83 /* Sources */ = {
			isa = PBXSourcesBuildPhase;
			buildActionMask = 2147483647;
			files = (
				294A83512889A52100B67A83 /* memory_gameUITests.swift in Sources */,
				294A83532889A52100B67A83 /* memory_gameUITestsLaunchTests.swift in Sources */,
			);
			runOnlyForDeploymentPostprocessing = 0;
		};
/* End PBXSourcesBuildPhase section */

/* Begin PBXTargetDependency section */
		294A83442889A52100B67A83 /* PBXTargetDependency */ = {
			isa = PBXTargetDependency;
			target = 294A832B2889A51F00B67A83 /* memory-game */;
			targetProxy = 294A83432889A52100B67A83 /* PBXContainerItemProxy */;
		};
		294A834E2889A52100B67A83 /* PBXTargetDependency */ = {
			isa = PBXTargetDependency;
			target = 294A832B2889A51F00B67A83 /* memory-game */;
			targetProxy = 294A834D2889A52100B67A83 /* PBXContainerItemProxy */;
		};
/* End PBXTargetDependency section */

/* Begin PBXVariantGroup section */
		294A833A2889A52100B67A83 /* LaunchScreen.storyboard */ = {
			isa = PBXVariantGroup;
			children = (
				294A833B2889A52100B67A83 /* Base */,
			);
			name = LaunchScreen.storyboard;
			sourceTree = "<group>";
		};
/* End PBXVariantGroup section */

/* Begin XCBuildConfiguration section */
		294A83542889A52100B67A83 /* Debug */ = {
			isa = XCBuildConfiguration;
			buildSettings = {
				ALWAYS_SEARCH_USER_PATHS = NO;
				CLANG_ANALYZER_NONNULL = YES;
				CLANG_ANALYZER_NUMBER_OBJECT_CONVERSION = YES_AGGRESSIVE;
				CLANG_CXX_LANGUAGE_STANDARD = "gnu++17";
				CLANG_ENABLE_MODULES = YES;
				CLANG_ENABLE_OBJC_ARC = YES;
				CLANG_ENABLE_OBJC_WEAK = YES;
				CLANG_WARN_BLOCK_CAPTURE_AUTORELEASING = YES;
				CLANG_WARN_BOOL_CONVERSION = YES;
				CLANG_WARN_COMMA = YES;
				CLANG_WARN_CONSTANT_CONVERSION = YES;
				CLANG_WARN_DEPRECATED_OBJC_IMPLEMENTATIONS = YES;
				CLANG_WARN_DIRECT_OBJC_ISA_USAGE = YES_ERROR;
				CLANG_WARN_DOCUMENTATION_COMMENTS = YES;
				CLANG_WARN_EMPTY_BODY = YES;
				CLANG_WARN_ENUM_CONVERSION = YES;
				CLANG_WARN_INFINITE_RECURSION = YES;
				CLANG_WARN_INT_CONVERSION = YES;
				CLANG_WARN_NON_LITERAL_NULL_CONVERSION = YES;
				CLANG_WARN_OBJC_IMPLICIT_RETAIN_SELF = YES;
				CLANG_WARN_OBJC_LITERAL_CONVERSION = YES;
				CLANG_WARN_OBJC_ROOT_CLASS = YES_ERROR;
				CLANG_WARN_QUOTED_INCLUDE_IN_FRAMEWORK_HEADER = YES;
				CLANG_WARN_RANGE_LOOP_ANALYSIS = YES;
				CLANG_WARN_STRICT_PROTOTYPES = YES;
				CLANG_WARN_SUSPICIOUS_MOVE = YES;
				CLANG_WARN_UNGUARDED_AVAILABILITY = YES_AGGRESSIVE;
				CLANG_WARN_UNREACHABLE_CODE = YES;
				CLANG_WARN__DUPLICATE_METHOD_MATCH = YES;
				COPY_PHASE_STRIP = NO;
				DEBUG_INFORMATION_FORMAT = dwarf;
				ENABLE_STRICT_OBJC_MSGSEND = YES;
				ENABLE_TESTABILITY = YES;
				GCC_C_LANGUAGE_STANDARD = gnu11;
				GCC_DYNAMIC_NO_PIC = NO;
				GCC_NO_COMMON_BLOCKS = YES;
				GCC_OPTIMIZATION_LEVEL = 0;
				GCC_PREPROCESSOR_DEFINITIONS = (
					"DEBUG=1",
					"$(inherited)",
				);
				GCC_WARN_64_TO_32_BIT_CONVERSION = YES;
				GCC_WARN_ABOUT_RETURN_TYPE = YES_ERROR;
				GCC_WARN_UNDECLARED_SELECTOR = YES;
				GCC_WARN_UNINITIALIZED_AUTOS = YES_AGGRESSIVE;
				GCC_WARN_UNUSED_FUNCTION = YES;
				GCC_WARN_UNUSED_VARIABLE = YES;
				IPHONEOS_DEPLOYMENT_TARGET = 15.5;
				MTL_ENABLE_DEBUG_INFO = INCLUDE_SOURCE;
				MTL_FAST_MATH = YES;
				ONLY_ACTIVE_ARCH = YES;
				SDKROOT = iphoneos;
				SWIFT_ACTIVE_COMPILATION_CONDITIONS = DEBUG;
				SWIFT_OPTIMIZATION_LEVEL = "-Onone";
			};
			name = Debug;
		};
		294A83552889A52100B67A83 /* Release */ = {
			isa = XCBuildConfiguration;
			buildSettings = {
				ALWAYS_SEARCH_USER_PATHS = NO;
				CLANG_ANALYZER_NONNULL = YES;
				CLANG_ANALYZER_NUMBER_OBJECT_CONVERSION = YES_AGGRESSIVE;
				CLANG_CXX_LANGUAGE_STANDARD = "gnu++17";
				CLANG_ENABLE_MODULES = YES;
				CLANG_ENABLE_OBJC_ARC = YES;
				CLANG_ENABLE_OBJC_WEAK = YES;
				CLANG_WARN_BLOCK_CAPTURE_AUTORELEASING = YES;
				CLANG_WARN_BOOL_CONVERSION = YES;
				CLANG_WARN_COMMA = YES;
				CLANG_WARN_CONSTANT_CONVERSION = YES;
				CLANG_WARN_DEPRECATED_OBJC_IMPLEMENTATIONS = YES;
				CLANG_WARN_DIRECT_OBJC_ISA_USAGE = YES_ERROR;
				CLANG_WARN_DOCUMENTATION_COMMENTS = YES;
				CLANG_WARN_EMPTY_BODY = YES;
				CLANG_WARN_ENUM_CONVERSION = YES;
				CLANG_WARN_INFINITE_RECURSION = YES;
				CLANG_WARN_INT_CONVERSION = YES;
				CLANG_WARN_NON_LITERAL_NULL_CONVERSION = YES;
				CLANG_WARN_OBJC_IMPLICIT_RETAIN_SELF = YES;
				CLANG_WARN_OBJC_LITERAL_CONVERSION = YES;
				CLANG_WARN_OBJC_ROOT_CLASS = YES_ERROR;
				CLANG_WARN_QUOTED_INCLUDE_IN_FRAMEWORK_HEADER = YES;
				CLANG_WARN_RANGE_LOOP_ANALYSIS = YES;
				CLANG_WARN_STRICT_PROTOTYPES = YES;
				CLANG_WARN_SUSPICIOUS_MOVE = YES;
				CLANG_WARN_UNGUARDED_AVAILABILITY = YES_AGGRESSIVE;
				CLANG_WARN_UNREACHABLE_CODE = YES;
				CLANG_WARN__DUPLICATE_METHOD_MATCH = YES;
				COPY_PHASE_STRIP = NO;
				DEBUG_INFORMATION_FORMAT = "dwarf-with-dsym";
				ENABLE_NS_ASSERTIONS = NO;
				ENABLE_STRICT_OBJC_MSGSEND = YES;
				GCC_C_LANGUAGE_STANDARD = gnu11;
				GCC_NO_COMMON_BLOCKS = YES;
				GCC_WARN_64_TO_32_BIT_CONVERSION = YES;
				GCC_WARN_ABOUT_RETURN_TYPE = YES_ERROR;
				GCC_WARN_UNDECLARED_SELECTOR = YES;
				GCC_WARN_UNINITIALIZED_AUTOS = YES_AGGRESSIVE;
				GCC_WARN_UNUSED_FUNCTION = YES;
				GCC_WARN_UNUSED_VARIABLE = YES;
				IPHONEOS_DEPLOYMENT_TARGET = 15.5;
				MTL_ENABLE_DEBUG_INFO = NO;
				MTL_FAST_MATH = YES;
				SDKROOT = iphoneos;
				SWIFT_COMPILATION_MODE = wholemodule;
				SWIFT_OPTIMIZATION_LEVEL = "-O";
				VALIDATE_PRODUCT = YES;
			};
			name = Release;
		};
		294A83572889A52100B67A83 /* Debug */ = {
			isa = XCBuildConfiguration;
			baseConfigurationReference = 9DDC33EAAFAE7588809D722E /* Pods-memory-game.debug.xcconfig */;
			buildSettings = {
				ASSETCATALOG_COMPILER_APPICON_NAME = AppIcon;
				ASSETCATALOG_COMPILER_GLOBAL_ACCENT_COLOR_NAME = AccentColor;
				CODE_SIGN_STYLE = Automatic;
				CURRENT_PROJECT_VERSION = 1;
				GENERATE_INFOPLIST_FILE = YES;
				INFOPLIST_FILE = "memory-game/Info.plist";
				INFOPLIST_KEY_UIApplicationSupportsIndirectInputEvents = YES;
				INFOPLIST_KEY_UILaunchStoryboardName = LaunchScreen;
				INFOPLIST_KEY_UISupportedInterfaceOrientations_iPad = "UIInterfaceOrientationPortrait UIInterfaceOrientationPortraitUpsideDown UIInterfaceOrientationLandscapeLeft UIInterfaceOrientationLandscapeRight";
				INFOPLIST_KEY_UISupportedInterfaceOrientations_iPhone = "UIInterfaceOrientationPortrait UIInterfaceOrientationLandscapeLeft UIInterfaceOrientationLandscapeRight";
				LD_RUNPATH_SEARCH_PATHS = (
					"$(inherited)",
					"@executable_path/Frameworks",
				);
				MARKETING_VERSION = 1.0;
				PRODUCT_BUNDLE_IDENTIFIER = "br.com.cwi.memory-game";
				PRODUCT_NAME = "$(TARGET_NAME)";
				SWIFT_EMIT_LOC_STRINGS = YES;
				SWIFT_VERSION = 5.0;
				TARGETED_DEVICE_FAMILY = "1,2";
			};
			name = Debug;
		};
		294A83582889A52100B67A83 /* Release */ = {
			isa = XCBuildConfiguration;
			baseConfigurationReference = 404AD800233B81AFA0A866AA /* Pods-memory-game.release.xcconfig */;
			buildSettings = {
				ASSETCATALOG_COMPILER_APPICON_NAME = AppIcon;
				ASSETCATALOG_COMPILER_GLOBAL_ACCENT_COLOR_NAME = AccentColor;
				CODE_SIGN_STYLE = Automatic;
				CURRENT_PROJECT_VERSION = 1;
				GENERATE_INFOPLIST_FILE = YES;
				INFOPLIST_FILE = "memory-game/Info.plist";
				INFOPLIST_KEY_UIApplicationSupportsIndirectInputEvents = YES;
				INFOPLIST_KEY_UILaunchStoryboardName = LaunchScreen;
				INFOPLIST_KEY_UISupportedInterfaceOrientations_iPad = "UIInterfaceOrientationPortrait UIInterfaceOrientationPortraitUpsideDown UIInterfaceOrientationLandscapeLeft UIInterfaceOrientationLandscapeRight";
				INFOPLIST_KEY_UISupportedInterfaceOrientations_iPhone = "UIInterfaceOrientationPortrait UIInterfaceOrientationLandscapeLeft UIInterfaceOrientationLandscapeRight";
				LD_RUNPATH_SEARCH_PATHS = (
					"$(inherited)",
					"@executable_path/Frameworks",
				);
				MARKETING_VERSION = 1.0;
				PRODUCT_BUNDLE_IDENTIFIER = "br.com.cwi.memory-game";
				PRODUCT_NAME = "$(TARGET_NAME)";
				SWIFT_EMIT_LOC_STRINGS = YES;
				SWIFT_VERSION = 5.0;
				TARGETED_DEVICE_FAMILY = "1,2";
			};
			name = Release;
		};
		294A835A2889A52100B67A83 /* Debug */ = {
			isa = XCBuildConfiguration;
			baseConfigurationReference = 90B5C26EAA2D41FD20D2477A /* Pods-memory-gameTests.debug.xcconfig */;
			buildSettings = {
				ALWAYS_EMBED_SWIFT_STANDARD_LIBRARIES = YES;
				BUNDLE_LOADER = "$(TEST_HOST)";
				CODE_SIGN_STYLE = Automatic;
				CURRENT_PROJECT_VERSION = 1;
				GENERATE_INFOPLIST_FILE = YES;
				IPHONEOS_DEPLOYMENT_TARGET = 15.5;
				MARKETING_VERSION = 1.0;
				PRODUCT_BUNDLE_IDENTIFIER = "br.com.cwi.memory-gameTests";
				PRODUCT_NAME = "$(TARGET_NAME)";
				SWIFT_EMIT_LOC_STRINGS = NO;
				SWIFT_VERSION = 5.0;
				TARGETED_DEVICE_FAMILY = "1,2";
				TEST_HOST = "$(BUILT_PRODUCTS_DIR)/memory-game.app/memory-game";
			};
			name = Debug;
		};
		294A835B2889A52100B67A83 /* Release */ = {
			isa = XCBuildConfiguration;
			baseConfigurationReference = BE16675030E07FDB849144FD /* Pods-memory-gameTests.release.xcconfig */;
			buildSettings = {
				ALWAYS_EMBED_SWIFT_STANDARD_LIBRARIES = YES;
				BUNDLE_LOADER = "$(TEST_HOST)";
				CODE_SIGN_STYLE = Automatic;
				CURRENT_PROJECT_VERSION = 1;
				GENERATE_INFOPLIST_FILE = YES;
				IPHONEOS_DEPLOYMENT_TARGET = 15.5;
				MARKETING_VERSION = 1.0;
				PRODUCT_BUNDLE_IDENTIFIER = "br.com.cwi.memory-gameTests";
				PRODUCT_NAME = "$(TARGET_NAME)";
				SWIFT_EMIT_LOC_STRINGS = NO;
				SWIFT_VERSION = 5.0;
				TARGETED_DEVICE_FAMILY = "1,2";
				TEST_HOST = "$(BUILT_PRODUCTS_DIR)/memory-game.app/memory-game";
			};
			name = Release;
		};
		294A835D2889A52100B67A83 /* Debug */ = {
			isa = XCBuildConfiguration;
			baseConfigurationReference = 297D145E29485CBFE42E5F7F /* Pods-memory-game-memory-gameUITests.debug.xcconfig */;
			buildSettings = {
				ALWAYS_EMBED_SWIFT_STANDARD_LIBRARIES = YES;
				CODE_SIGN_STYLE = Automatic;
				CURRENT_PROJECT_VERSION = 1;
				GENERATE_INFOPLIST_FILE = YES;
				MARKETING_VERSION = 1.0;
				PRODUCT_BUNDLE_IDENTIFIER = "br.com.cwi.memory-gameUITests";
				PRODUCT_NAME = "$(TARGET_NAME)";
				SWIFT_EMIT_LOC_STRINGS = NO;
				SWIFT_VERSION = 5.0;
				TARGETED_DEVICE_FAMILY = "1,2";
				TEST_TARGET_NAME = "memory-game";
			};
			name = Debug;
		};
		294A835E2889A52100B67A83 /* Release */ = {
			isa = XCBuildConfiguration;
			baseConfigurationReference = 4AF9CE2A11C4DB1F9D4CDB1B /* Pods-memory-game-memory-gameUITests.release.xcconfig */;
			buildSettings = {
				ALWAYS_EMBED_SWIFT_STANDARD_LIBRARIES = YES;
				CODE_SIGN_STYLE = Automatic;
				CURRENT_PROJECT_VERSION = 1;
				GENERATE_INFOPLIST_FILE = YES;
				MARKETING_VERSION = 1.0;
				PRODUCT_BUNDLE_IDENTIFIER = "br.com.cwi.memory-gameUITests";
				PRODUCT_NAME = "$(TARGET_NAME)";
				SWIFT_EMIT_LOC_STRINGS = NO;
				SWIFT_VERSION = 5.0;
				TARGETED_DEVICE_FAMILY = "1,2";
				TEST_TARGET_NAME = "memory-game";
			};
			name = Release;
		};
/* End XCBuildConfiguration section */

/* Begin XCConfigurationList section */
		294A83272889A51F00B67A83 /* Build configuration list for PBXProject "memory-game" */ = {
			isa = XCConfigurationList;
			buildConfigurations = (
				294A83542889A52100B67A83 /* Debug */,
				294A83552889A52100B67A83 /* Release */,
			);
			defaultConfigurationIsVisible = 0;
			defaultConfigurationName = Release;
		};
		294A83562889A52100B67A83 /* Build configuration list for PBXNativeTarget "memory-game" */ = {
			isa = XCConfigurationList;
			buildConfigurations = (
				294A83572889A52100B67A83 /* Debug */,
				294A83582889A52100B67A83 /* Release */,
			);
			defaultConfigurationIsVisible = 0;
			defaultConfigurationName = Release;
		};
		294A83592889A52100B67A83 /* Build configuration list for PBXNativeTarget "memory-gameTests" */ = {
			isa = XCConfigurationList;
			buildConfigurations = (
				294A835A2889A52100B67A83 /* Debug */,
				294A835B2889A52100B67A83 /* Release */,
			);
			defaultConfigurationIsVisible = 0;
			defaultConfigurationName = Release;
		};
		294A835C2889A52100B67A83 /* Build configuration list for PBXNativeTarget "memory-gameUITests" */ = {
			isa = XCConfigurationList;
			buildConfigurations = (
				294A835D2889A52100B67A83 /* Debug */,
				294A835E2889A52100B67A83 /* Release */,
			);
			defaultConfigurationIsVisible = 0;
			defaultConfigurationName = Release;
		};
/* End XCConfigurationList section */
	};
	rootObject = 294A83242889A51F00B67A83 /* Project object */;
}
