// !$*UTF8*$!
{
	archiveVersion = 1;
	classes = {
	};
	objectVersion = 55;
	objects = {

/* Begin PBXBuildFile section */
		2DC3A5FCD262DE7B85D5E22F /* Pods_ForcaTests.framework in Frameworks */ = {isa = PBXBuildFile; fileRef = CB10E9B4AAB6B089D30086CB /* Pods_ForcaTests.framework */; };
		8141844428886F2100B16B35 /* String+AttributedText.swift in Sources */ = {isa = PBXBuildFile; fileRef = 8141844328886F2100B16B35 /* String+AttributedText.swift */; };
		814184462888740700B16B35 /* String+Character+Comparavel.swift in Sources */ = {isa = PBXBuildFile; fileRef = 814184452888740700B16B35 /* String+Character+Comparavel.swift */; };
		814184482888756E00B16B35 /* Funcoes.swift in Sources */ = {isa = PBXBuildFile; fileRef = 814184472888756E00B16B35 /* Funcoes.swift */; };
		81DE28A7288715CF005FC5C9 /* AppDelegate.swift in Sources */ = {isa = PBXBuildFile; fileRef = 81DE28A6288715CF005FC5C9 /* AppDelegate.swift */; };
		81DE28A9288715CF005FC5C9 /* SceneDelegate.swift in Sources */ = {isa = PBXBuildFile; fileRef = 81DE28A8288715CF005FC5C9 /* SceneDelegate.swift */; };
		81DE28AB288715CF005FC5C9 /* ViewController.swift in Sources */ = {isa = PBXBuildFile; fileRef = 81DE28AA288715CF005FC5C9 /* ViewController.swift */; };
		81DE28B0288715D1005FC5C9 /* Assets.xcassets in Resources */ = {isa = PBXBuildFile; fileRef = 81DE28AF288715D1005FC5C9 /* Assets.xcassets */; };
		81DE28B3288715D1005FC5C9 /* LaunchScreen.storyboard in Resources */ = {isa = PBXBuildFile; fileRef = 81DE28B1288715D1005FC5C9 /* LaunchScreen.storyboard */; };
		81DE28BE288715D1005FC5C9 /* ForcaTests.swift in Sources */ = {isa = PBXBuildFile; fileRef = 81DE28BD288715D1005FC5C9 /* ForcaTests.swift */; };
		81DE28C8288715D1005FC5C9 /* ForcaUITests.swift in Sources */ = {isa = PBXBuildFile; fileRef = 81DE28C7288715D1005FC5C9 /* ForcaUITests.swift */; };
		81DE28CA288715D1005FC5C9 /* ForcaUITestsLaunchTests.swift in Sources */ = {isa = PBXBuildFile; fileRef = 81DE28C9288715D1005FC5C9 /* ForcaUITestsLaunchTests.swift */; };
		81DE28D7288746F6005FC5C9 /* JogoDaForca.swift in Sources */ = {isa = PBXBuildFile; fileRef = 81DE28D6288746F6005FC5C9 /* JogoDaForca.swift */; };
		88959F4189707049A675327F /* Pods_Forca_ForcaUITests.framework in Frameworks */ = {isa = PBXBuildFile; fileRef = FFD54D9AC76E6299F843D2F7 /* Pods_Forca_ForcaUITests.framework */; };
		D18F71A1D38A3FC496503B01 /* Pods_Forca.framework in Frameworks */ = {isa = PBXBuildFile; fileRef = 0C1ABE42B6CD21F858CB7F74 /* Pods_Forca.framework */; };
/* End PBXBuildFile section */

/* Begin PBXContainerItemProxy section */
		81DE28BA288715D1005FC5C9 /* PBXContainerItemProxy */ = {
			isa = PBXContainerItemProxy;
			containerPortal = 81DE289B288715CF005FC5C9 /* Project object */;
			proxyType = 1;
			remoteGlobalIDString = 81DE28A2288715CF005FC5C9;
			remoteInfo = Forca;
		};
		81DE28C4288715D1005FC5C9 /* PBXContainerItemProxy */ = {
			isa = PBXContainerItemProxy;
			containerPortal = 81DE289B288715CF005FC5C9 /* Project object */;
			proxyType = 1;
			remoteGlobalIDString = 81DE28A2288715CF005FC5C9;
			remoteInfo = Forca;
		};
/* End PBXContainerItemProxy section */

/* Begin PBXFileReference section */
		0C1ABE42B6CD21F858CB7F74 /* Pods_Forca.framework */ = {isa = PBXFileReference; explicitFileType = wrapper.framework; includeInIndex = 0; path = Pods_Forca.framework; sourceTree = BUILT_PRODUCTS_DIR; };
		2402C8EB2E79D52FACE3D3A4 /* Pods-Forca-ForcaUITests.debug.xcconfig */ = {isa = PBXFileReference; includeInIndex = 1; lastKnownFileType = text.xcconfig; name = "Pods-Forca-ForcaUITests.debug.xcconfig"; path = "Target Support Files/Pods-Forca-ForcaUITests/Pods-Forca-ForcaUITests.debug.xcconfig"; sourceTree = "<group>"; };
		3694006C27CF149B0BA02392 /* Pods-Forca.release.xcconfig */ = {isa = PBXFileReference; includeInIndex = 1; lastKnownFileType = text.xcconfig; name = "Pods-Forca.release.xcconfig"; path = "Target Support Files/Pods-Forca/Pods-Forca.release.xcconfig"; sourceTree = "<group>"; };
		7A6917D73F31943400FE67A6 /* Pods-ForcaTests.debug.xcconfig */ = {isa = PBXFileReference; includeInIndex = 1; lastKnownFileType = text.xcconfig; name = "Pods-ForcaTests.debug.xcconfig"; path = "Target Support Files/Pods-ForcaTests/Pods-ForcaTests.debug.xcconfig"; sourceTree = "<group>"; };
		8141844328886F2100B16B35 /* String+AttributedText.swift */ = {isa = PBXFileReference; lastKnownFileType = sourcecode.swift; path = "String+AttributedText.swift"; sourceTree = "<group>"; };
		814184452888740700B16B35 /* String+Character+Comparavel.swift */ = {isa = PBXFileReference; lastKnownFileType = sourcecode.swift; path = "String+Character+Comparavel.swift"; sourceTree = "<group>"; };
		814184472888756E00B16B35 /* Funcoes.swift */ = {isa = PBXFileReference; lastKnownFileType = sourcecode.swift; path = Funcoes.swift; sourceTree = "<group>"; };
		81DE28A3288715CF005FC5C9 /* Forca.app */ = {isa = PBXFileReference; explicitFileType = wrapper.application; includeInIndex = 0; path = Forca.app; sourceTree = BUILT_PRODUCTS_DIR; };
		81DE28A6288715CF005FC5C9 /* AppDelegate.swift */ = {isa = PBXFileReference; lastKnownFileType = sourcecode.swift; path = AppDelegate.swift; sourceTree = "<group>"; };
		81DE28A8288715CF005FC5C9 /* SceneDelegate.swift */ = {isa = PBXFileReference; lastKnownFileType = sourcecode.swift; path = SceneDelegate.swift; sourceTree = "<group>"; };
		81DE28AA288715CF005FC5C9 /* ViewController.swift */ = {isa = PBXFileReference; lastKnownFileType = sourcecode.swift; path = ViewController.swift; sourceTree = "<group>"; };
		81DE28AF288715D1005FC5C9 /* Assets.xcassets */ = {isa = PBXFileReference; lastKnownFileType = folder.assetcatalog; path = Assets.xcassets; sourceTree = "<group>"; };
		81DE28B2288715D1005FC5C9 /* Base */ = {isa = PBXFileReference; lastKnownFileType = file.storyboard; name = Base; path = Base.lproj/LaunchScreen.storyboard; sourceTree = "<group>"; };
		81DE28B4288715D1005FC5C9 /* Info.plist */ = {isa = PBXFileReference; lastKnownFileType = text.plist.xml; path = Info.plist; sourceTree = "<group>"; };
		81DE28B9288715D1005FC5C9 /* ForcaTests.xctest */ = {isa = PBXFileReference; explicitFileType = wrapper.cfbundle; includeInIndex = 0; path = ForcaTests.xctest; sourceTree = BUILT_PRODUCTS_DIR; };
		81DE28BD288715D1005FC5C9 /* ForcaTests.swift */ = {isa = PBXFileReference; lastKnownFileType = sourcecode.swift; path = ForcaTests.swift; sourceTree = "<group>"; };
		81DE28C3288715D1005FC5C9 /* ForcaUITests.xctest */ = {isa = PBXFileReference; explicitFileType = wrapper.cfbundle; includeInIndex = 0; path = ForcaUITests.xctest; sourceTree = BUILT_PRODUCTS_DIR; };
		81DE28C7288715D1005FC5C9 /* ForcaUITests.swift */ = {isa = PBXFileReference; lastKnownFileType = sourcecode.swift; path = ForcaUITests.swift; sourceTree = "<group>"; };
		81DE28C9288715D1005FC5C9 /* ForcaUITestsLaunchTests.swift */ = {isa = PBXFileReference; lastKnownFileType = sourcecode.swift; path = ForcaUITestsLaunchTests.swift; sourceTree = "<group>"; };
		81DE28D6288746F6005FC5C9 /* JogoDaForca.swift */ = {isa = PBXFileReference; lastKnownFileType = sourcecode.swift; path = JogoDaForca.swift; sourceTree = "<group>"; };
		C7A2E87B9CEA87154B1EFA3E /* Pods-ForcaTests.release.xcconfig */ = {isa = PBXFileReference; includeInIndex = 1; lastKnownFileType = text.xcconfig; name = "Pods-ForcaTests.release.xcconfig"; path = "Target Support Files/Pods-ForcaTests/Pods-ForcaTests.release.xcconfig"; sourceTree = "<group>"; };
		CB10E9B4AAB6B089D30086CB /* Pods_ForcaTests.framework */ = {isa = PBXFileReference; explicitFileType = wrapper.framework; includeInIndex = 0; path = Pods_ForcaTests.framework; sourceTree = BUILT_PRODUCTS_DIR; };
		D9B5EFA675998E174C63D231 /* Pods-Forca.debug.xcconfig */ = {isa = PBXFileReference; includeInIndex = 1; lastKnownFileType = text.xcconfig; name = "Pods-Forca.debug.xcconfig"; path = "Target Support Files/Pods-Forca/Pods-Forca.debug.xcconfig"; sourceTree = "<group>"; };
		FBD4E40A17321C98504D00FC /* Pods-Forca-ForcaUITests.release.xcconfig */ = {isa = PBXFileReference; includeInIndex = 1; lastKnownFileType = text.xcconfig; name = "Pods-Forca-ForcaUITests.release.xcconfig"; path = "Target Support Files/Pods-Forca-ForcaUITests/Pods-Forca-ForcaUITests.release.xcconfig"; sourceTree = "<group>"; };
		FFD54D9AC76E6299F843D2F7 /* Pods_Forca_ForcaUITests.framework */ = {isa = PBXFileReference; explicitFileType = wrapper.framework; includeInIndex = 0; path = Pods_Forca_ForcaUITests.framework; sourceTree = BUILT_PRODUCTS_DIR; };
/* End PBXFileReference section */

/* Begin PBXFrameworksBuildPhase section */
		81DE28A0288715CF005FC5C9 /* Frameworks */ = {
			isa = PBXFrameworksBuildPhase;
			buildActionMask = 2147483647;
			files = (
				D18F71A1D38A3FC496503B01 /* Pods_Forca.framework in Frameworks */,
			);
			runOnlyForDeploymentPostprocessing = 0;
		};
		81DE28B6288715D1005FC5C9 /* Frameworks */ = {
			isa = PBXFrameworksBuildPhase;
			buildActionMask = 2147483647;
			files = (
				2DC3A5FCD262DE7B85D5E22F /* Pods_ForcaTests.framework in Frameworks */,
			);
			runOnlyForDeploymentPostprocessing = 0;
		};
		81DE28C0288715D1005FC5C9 /* Frameworks */ = {
			isa = PBXFrameworksBuildPhase;
			buildActionMask = 2147483647;
			files = (
				88959F4189707049A675327F /* Pods_Forca_ForcaUITests.framework in Frameworks */,
			);
			runOnlyForDeploymentPostprocessing = 0;
		};
/* End PBXFrameworksBuildPhase section */

/* Begin PBXGroup section */
		15FDDD25CF9EE6F4CF05BD1E /* Pods */ = {
			isa = PBXGroup;
			children = (
				D9B5EFA675998E174C63D231 /* Pods-Forca.debug.xcconfig */,
				3694006C27CF149B0BA02392 /* Pods-Forca.release.xcconfig */,
				2402C8EB2E79D52FACE3D3A4 /* Pods-Forca-ForcaUITests.debug.xcconfig */,
				FBD4E40A17321C98504D00FC /* Pods-Forca-ForcaUITests.release.xcconfig */,
				7A6917D73F31943400FE67A6 /* Pods-ForcaTests.debug.xcconfig */,
				C7A2E87B9CEA87154B1EFA3E /* Pods-ForcaTests.release.xcconfig */,
			);
			path = Pods;
			sourceTree = "<group>";
		};
		81DE289A288715CF005FC5C9 = {
			isa = PBXGroup;
			children = (
				81DE28A5288715CF005FC5C9 /* Forca */,
				81DE28BC288715D1005FC5C9 /* ForcaTests */,
				81DE28C6288715D1005FC5C9 /* ForcaUITests */,
				81DE28A4288715CF005FC5C9 /* Products */,
				15FDDD25CF9EE6F4CF05BD1E /* Pods */,
				DA563A651398E54F4EF54474 /* Frameworks */,
			);
			sourceTree = "<group>";
		};
		81DE28A4288715CF005FC5C9 /* Products */ = {
			isa = PBXGroup;
			children = (
				81DE28A3288715CF005FC5C9 /* Forca.app */,
				81DE28B9288715D1005FC5C9 /* ForcaTests.xctest */,
				81DE28C3288715D1005FC5C9 /* ForcaUITests.xctest */,
			);
			name = Products;
			sourceTree = "<group>";
		};
		81DE28A5288715CF005FC5C9 /* Forca */ = {
			isa = PBXGroup;
			children = (
				81DE28A6288715CF005FC5C9 /* AppDelegate.swift */,
				81DE28A8288715CF005FC5C9 /* SceneDelegate.swift */,
				81DE28AA288715CF005FC5C9 /* ViewController.swift */,
				81DE28AF288715D1005FC5C9 /* Assets.xcassets */,
				81DE28B1288715D1005FC5C9 /* LaunchScreen.storyboard */,
				81DE28B4288715D1005FC5C9 /* Info.plist */,
				81DE28D6288746F6005FC5C9 /* JogoDaForca.swift */,
				8141844328886F2100B16B35 /* String+AttributedText.swift */,
				814184452888740700B16B35 /* String+Character+Comparavel.swift */,
				814184472888756E00B16B35 /* Funcoes.swift */,
			);
			path = Forca;
			sourceTree = "<group>";
		};
		81DE28BC288715D1005FC5C9 /* ForcaTests */ = {
			isa = PBXGroup;
			children = (
				81DE28BD288715D1005FC5C9 /* ForcaTests.swift */,
			);
			path = ForcaTests;
			sourceTree = "<group>";
		};
		81DE28C6288715D1005FC5C9 /* ForcaUITests */ = {
			isa = PBXGroup;
			children = (
				81DE28C7288715D1005FC5C9 /* ForcaUITests.swift */,
				81DE28C9288715D1005FC5C9 /* ForcaUITestsLaunchTests.swift */,
			);
			path = ForcaUITests;
			sourceTree = "<group>";
		};
		DA563A651398E54F4EF54474 /* Frameworks */ = {
			isa = PBXGroup;
			children = (
				0C1ABE42B6CD21F858CB7F74 /* Pods_Forca.framework */,
				FFD54D9AC76E6299F843D2F7 /* Pods_Forca_ForcaUITests.framework */,
				CB10E9B4AAB6B089D30086CB /* Pods_ForcaTests.framework */,
			);
			name = Frameworks;
			sourceTree = "<group>";
		};
/* End PBXGroup section */

/* Begin PBXNativeTarget section */
		81DE28A2288715CF005FC5C9 /* Forca */ = {
			isa = PBXNativeTarget;
			buildConfigurationList = 81DE28CD288715D1005FC5C9 /* Build configuration list for PBXNativeTarget "Forca" */;
			buildPhases = (
				2F14BC7E9237207762D02AE8 /* [CP] Check Pods Manifest.lock */,
				81DE289F288715CF005FC5C9 /* Sources */,
				81DE28A0288715CF005FC5C9 /* Frameworks */,
				81DE28A1288715CF005FC5C9 /* Resources */,
				32D803E93822ACA159CB3291 /* [CP] Embed Pods Frameworks */,
			);
			buildRules = (
			);
			dependencies = (
			);
			name = Forca;
			productName = Forca;
			productReference = 81DE28A3288715CF005FC5C9 /* Forca.app */;
			productType = "com.apple.product-type.application";
		};
		81DE28B8288715D1005FC5C9 /* ForcaTests */ = {
			isa = PBXNativeTarget;
			buildConfigurationList = 81DE28D0288715D1005FC5C9 /* Build configuration list for PBXNativeTarget "ForcaTests" */;
			buildPhases = (
				55556B63542F2546A94F3DF5 /* [CP] Check Pods Manifest.lock */,
				81DE28B5288715D1005FC5C9 /* Sources */,
				81DE28B6288715D1005FC5C9 /* Frameworks */,
				81DE28B7288715D1005FC5C9 /* Resources */,
			);
			buildRules = (
			);
			dependencies = (
				81DE28BB288715D1005FC5C9 /* PBXTargetDependency */,
			);
			name = ForcaTests;
			productName = ForcaTests;
			productReference = 81DE28B9288715D1005FC5C9 /* ForcaTests.xctest */;
			productType = "com.apple.product-type.bundle.unit-test";
		};
		81DE28C2288715D1005FC5C9 /* ForcaUITests */ = {
			isa = PBXNativeTarget;
			buildConfigurationList = 81DE28D3288715D1005FC5C9 /* Build configuration list for PBXNativeTarget "ForcaUITests" */;
			buildPhases = (
				5E2CA1AABDAA902D00BF4501 /* [CP] Check Pods Manifest.lock */,
				81DE28BF288715D1005FC5C9 /* Sources */,
				81DE28C0288715D1005FC5C9 /* Frameworks */,
				81DE28C1288715D1005FC5C9 /* Resources */,
				050A2F24BF3B971A9D46B900 /* [CP] Embed Pods Frameworks */,
			);
			buildRules = (
			);
			dependencies = (
				81DE28C5288715D1005FC5C9 /* PBXTargetDependency */,
			);
			name = ForcaUITests;
			productName = ForcaUITests;
			productReference = 81DE28C3288715D1005FC5C9 /* ForcaUITests.xctest */;
			productType = "com.apple.product-type.bundle.ui-testing";
		};
/* End PBXNativeTarget section */

/* Begin PBXProject section */
		81DE289B288715CF005FC5C9 /* Project object */ = {
			isa = PBXProject;
			attributes = {
				BuildIndependentTargetsInParallel = 1;
				LastSwiftUpdateCheck = 1340;
				LastUpgradeCheck = 1340;
				TargetAttributes = {
					81DE28A2288715CF005FC5C9 = {
						CreatedOnToolsVersion = 13.4.1;
					};
					81DE28B8288715D1005FC5C9 = {
						CreatedOnToolsVersion = 13.4.1;
						TestTargetID = 81DE28A2288715CF005FC5C9;
					};
					81DE28C2288715D1005FC5C9 = {
						CreatedOnToolsVersion = 13.4.1;
						TestTargetID = 81DE28A2288715CF005FC5C9;
					};
				};
			};
			buildConfigurationList = 81DE289E288715CF005FC5C9 /* Build configuration list for PBXProject "Forca" */;
			compatibilityVersion = "Xcode 13.0";
			developmentRegion = en;
			hasScannedForEncodings = 0;
			knownRegions = (
				en,
				Base,
			);
			mainGroup = 81DE289A288715CF005FC5C9;
			productRefGroup = 81DE28A4288715CF005FC5C9 /* Products */;
			projectDirPath = "";
			projectRoot = "";
			targets = (
				81DE28A2288715CF005FC5C9 /* Forca */,
				81DE28B8288715D1005FC5C9 /* ForcaTests */,
				81DE28C2288715D1005FC5C9 /* ForcaUITests */,
			);
		};
/* End PBXProject section */

/* Begin PBXResourcesBuildPhase section */
		81DE28A1288715CF005FC5C9 /* Resources */ = {
			isa = PBXResourcesBuildPhase;
			buildActionMask = 2147483647;
			files = (
				81DE28B3288715D1005FC5C9 /* LaunchScreen.storyboard in Resources */,
				81DE28B0288715D1005FC5C9 /* Assets.xcassets in Resources */,
			);
			runOnlyForDeploymentPostprocessing = 0;
		};
		81DE28B7288715D1005FC5C9 /* Resources */ = {
			isa = PBXResourcesBuildPhase;
			buildActionMask = 2147483647;
			files = (
			);
			runOnlyForDeploymentPostprocessing = 0;
		};
		81DE28C1288715D1005FC5C9 /* Resources */ = {
			isa = PBXResourcesBuildPhase;
			buildActionMask = 2147483647;
			files = (
			);
			runOnlyForDeploymentPostprocessing = 0;
		};
/* End PBXResourcesBuildPhase section */

/* Begin PBXShellScriptBuildPhase section */
		050A2F24BF3B971A9D46B900 /* [CP] Embed Pods Frameworks */ = {
			isa = PBXShellScriptBuildPhase;
			buildActionMask = 2147483647;
			files = (
			);
			inputFileListPaths = (
				"${PODS_ROOT}/Target Support Files/Pods-Forca-ForcaUITests/Pods-Forca-ForcaUITests-frameworks-${CONFIGURATION}-input-files.xcfilelist",
			);
			name = "[CP] Embed Pods Frameworks";
			outputFileListPaths = (
				"${PODS_ROOT}/Target Support Files/Pods-Forca-ForcaUITests/Pods-Forca-ForcaUITests-frameworks-${CONFIGURATION}-output-files.xcfilelist",
			);
			runOnlyForDeploymentPostprocessing = 0;
			shellPath = /bin/sh;
			shellScript = "\"${PODS_ROOT}/Target Support Files/Pods-Forca-ForcaUITests/Pods-Forca-ForcaUITests-frameworks.sh\"\n";
			showEnvVarsInLog = 0;
		};
		2F14BC7E9237207762D02AE8 /* [CP] Check Pods Manifest.lock */ = {
			isa = PBXShellScriptBuildPhase;
			buildActionMask = 2147483647;
			files = (
			);
			inputFileListPaths = (
			);
			inputPaths = (
				"${PODS_PODFILE_DIR_PATH}/Podfile.lock",
				"${PODS_ROOT}/Manifest.lock",
			);
			name = "[CP] Check Pods Manifest.lock";
			outputFileListPaths = (
			);
			outputPaths = (
				"$(DERIVED_FILE_DIR)/Pods-Forca-checkManifestLockResult.txt",
			);
			runOnlyForDeploymentPostprocessing = 0;
			shellPath = /bin/sh;
			shellScript = "diff \"${PODS_PODFILE_DIR_PATH}/Podfile.lock\" \"${PODS_ROOT}/Manifest.lock\" > /dev/null\nif [ $? != 0 ] ; then\n    # print error to STDERR\n    echo \"error: The sandbox is not in sync with the Podfile.lock. Run 'pod install' or update your CocoaPods installation.\" >&2\n    exit 1\nfi\n# This output is used by Xcode 'outputs' to avoid re-running this script phase.\necho \"SUCCESS\" > \"${SCRIPT_OUTPUT_FILE_0}\"\n";
			showEnvVarsInLog = 0;
		};
		32D803E93822ACA159CB3291 /* [CP] Embed Pods Frameworks */ = {
			isa = PBXShellScriptBuildPhase;
			buildActionMask = 2147483647;
			files = (
			);
			inputFileListPaths = (
				"${PODS_ROOT}/Target Support Files/Pods-Forca/Pods-Forca-frameworks-${CONFIGURATION}-input-files.xcfilelist",
			);
			name = "[CP] Embed Pods Frameworks";
			outputFileListPaths = (
				"${PODS_ROOT}/Target Support Files/Pods-Forca/Pods-Forca-frameworks-${CONFIGURATION}-output-files.xcfilelist",
			);
			runOnlyForDeploymentPostprocessing = 0;
			shellPath = /bin/sh;
			shellScript = "\"${PODS_ROOT}/Target Support Files/Pods-Forca/Pods-Forca-frameworks.sh\"\n";
			showEnvVarsInLog = 0;
		};
		55556B63542F2546A94F3DF5 /* [CP] Check Pods Manifest.lock */ = {
			isa = PBXShellScriptBuildPhase;
			buildActionMask = 2147483647;
			files = (
			);
			inputFileListPaths = (
			);
			inputPaths = (
				"${PODS_PODFILE_DIR_PATH}/Podfile.lock",
				"${PODS_ROOT}/Manifest.lock",
			);
			name = "[CP] Check Pods Manifest.lock";
			outputFileListPaths = (
			);
			outputPaths = (
				"$(DERIVED_FILE_DIR)/Pods-ForcaTests-checkManifestLockResult.txt",
			);
			runOnlyForDeploymentPostprocessing = 0;
			shellPath = /bin/sh;
			shellScript = "diff \"${PODS_PODFILE_DIR_PATH}/Podfile.lock\" \"${PODS_ROOT}/Manifest.lock\" > /dev/null\nif [ $? != 0 ] ; then\n    # print error to STDERR\n    echo \"error: The sandbox is not in sync with the Podfile.lock. Run 'pod install' or update your CocoaPods installation.\" >&2\n    exit 1\nfi\n# This output is used by Xcode 'outputs' to avoid re-running this script phase.\necho \"SUCCESS\" > \"${SCRIPT_OUTPUT_FILE_0}\"\n";
			showEnvVarsInLog = 0;
		};
		5E2CA1AABDAA902D00BF4501 /* [CP] Check Pods Manifest.lock */ = {
			isa = PBXShellScriptBuildPhase;
			buildActionMask = 2147483647;
			files = (
			);
			inputFileListPaths = (
			);
			inputPaths = (
				"${PODS_PODFILE_DIR_PATH}/Podfile.lock",
				"${PODS_ROOT}/Manifest.lock",
			);
			name = "[CP] Check Pods Manifest.lock";
			outputFileListPaths = (
			);
			outputPaths = (
				"$(DERIVED_FILE_DIR)/Pods-Forca-ForcaUITests-checkManifestLockResult.txt",
			);
			runOnlyForDeploymentPostprocessing = 0;
			shellPath = /bin/sh;
			shellScript = "diff \"${PODS_PODFILE_DIR_PATH}/Podfile.lock\" \"${PODS_ROOT}/Manifest.lock\" > /dev/null\nif [ $? != 0 ] ; then\n    # print error to STDERR\n    echo \"error: The sandbox is not in sync with the Podfile.lock. Run 'pod install' or update your CocoaPods installation.\" >&2\n    exit 1\nfi\n# This output is used by Xcode 'outputs' to avoid re-running this script phase.\necho \"SUCCESS\" > \"${SCRIPT_OUTPUT_FILE_0}\"\n";
			showEnvVarsInLog = 0;
		};
/* End PBXShellScriptBuildPhase section */

/* Begin PBXSourcesBuildPhase section */
		81DE289F288715CF005FC5C9 /* Sources */ = {
			isa = PBXSourcesBuildPhase;
			buildActionMask = 2147483647;
			files = (
				81DE28AB288715CF005FC5C9 /* ViewController.swift in Sources */,
				81DE28A7288715CF005FC5C9 /* AppDelegate.swift in Sources */,
				814184462888740700B16B35 /* String+Character+Comparavel.swift in Sources */,
				8141844428886F2100B16B35 /* String+AttributedText.swift in Sources */,
				814184482888756E00B16B35 /* Funcoes.swift in Sources */,
				81DE28A9288715CF005FC5C9 /* SceneDelegate.swift in Sources */,
				81DE28D7288746F6005FC5C9 /* JogoDaForca.swift in Sources */,
			);
			runOnlyForDeploymentPostprocessing = 0;
		};
		81DE28B5288715D1005FC5C9 /* Sources */ = {
			isa = PBXSourcesBuildPhase;
			buildActionMask = 2147483647;
			files = (
				81DE28BE288715D1005FC5C9 /* ForcaTests.swift in Sources */,
			);
			runOnlyForDeploymentPostprocessing = 0;
		};
		81DE28BF288715D1005FC5C9 /* Sources */ = {
			isa = PBXSourcesBuildPhase;
			buildActionMask = 2147483647;
			files = (
				81DE28CA288715D1005FC5C9 /* ForcaUITestsLaunchTests.swift in Sources */,
				81DE28C8288715D1005FC5C9 /* ForcaUITests.swift in Sources */,
			);
			runOnlyForDeploymentPostprocessing = 0;
		};
/* End PBXSourcesBuildPhase section */

/* Begin PBXTargetDependency section */
		81DE28BB288715D1005FC5C9 /* PBXTargetDependency */ = {
			isa = PBXTargetDependency;
			target = 81DE28A2288715CF005FC5C9 /* Forca */;
			targetProxy = 81DE28BA288715D1005FC5C9 /* PBXContainerItemProxy */;
		};
		81DE28C5288715D1005FC5C9 /* PBXTargetDependency */ = {
			isa = PBXTargetDependency;
			target = 81DE28A2288715CF005FC5C9 /* Forca */;
			targetProxy = 81DE28C4288715D1005FC5C9 /* PBXContainerItemProxy */;
		};
/* End PBXTargetDependency section */

/* Begin PBXVariantGroup section */
		81DE28B1288715D1005FC5C9 /* LaunchScreen.storyboard */ = {
			isa = PBXVariantGroup;
			children = (
				81DE28B2288715D1005FC5C9 /* Base */,
			);
			name = LaunchScreen.storyboard;
			sourceTree = "<group>";
		};
/* End PBXVariantGroup section */

/* Begin XCBuildConfiguration section */
		81DE28CB288715D1005FC5C9 /* Debug */ = {
			isa = XCBuildConfiguration;
			buildSettings = {
				ALWAYS_SEARCH_USER_PATHS = NO;
				CLANG_ANALYZER_NONNULL = YES;
				CLANG_ANALYZER_NUMBER_OBJECT_CONVERSION = YES_AGGRESSIVE;
				CLANG_CXX_LANGUAGE_STANDARD = "gnu++17";
				CLANG_ENABLE_MODULES = YES;
				CLANG_ENABLE_OBJC_ARC = YES;
				CLANG_ENABLE_OBJC_WEAK = YES;
				CLANG_WARN_BLOCK_CAPTURE_AUTORELEASING = YES;
				CLANG_WARN_BOOL_CONVERSION = YES;
				CLANG_WARN_COMMA = YES;
				CLANG_WARN_CONSTANT_CONVERSION = YES;
				CLANG_WARN_DEPRECATED_OBJC_IMPLEMENTATIONS = YES;
				CLANG_WARN_DIRECT_OBJC_ISA_USAGE = YES_ERROR;
				CLANG_WARN_DOCUMENTATION_COMMENTS = YES;
				CLANG_WARN_EMPTY_BODY = YES;
				CLANG_WARN_ENUM_CONVERSION = YES;
				CLANG_WARN_INFINITE_RECURSION = YES;
				CLANG_WARN_INT_CONVERSION = YES;
				CLANG_WARN_NON_LITERAL_NULL_CONVERSION = YES;
				CLANG_WARN_OBJC_IMPLICIT_RETAIN_SELF = YES;
				CLANG_WARN_OBJC_LITERAL_CONVERSION = YES;
				CLANG_WARN_OBJC_ROOT_CLASS = YES_ERROR;
				CLANG_WARN_QUOTED_INCLUDE_IN_FRAMEWORK_HEADER = YES;
				CLANG_WARN_RANGE_LOOP_ANALYSIS = YES;
				CLANG_WARN_STRICT_PROTOTYPES = YES;
				CLANG_WARN_SUSPICIOUS_MOVE = YES;
				CLANG_WARN_UNGUARDED_AVAILABILITY = YES_AGGRESSIVE;
				CLANG_WARN_UNREACHABLE_CODE = YES;
				CLANG_WARN__DUPLICATE_METHOD_MATCH = YES;
				COPY_PHASE_STRIP = NO;
				DEBUG_INFORMATION_FORMAT = dwarf;
				ENABLE_STRICT_OBJC_MSGSEND = YES;
				ENABLE_TESTABILITY = YES;
				GCC_C_LANGUAGE_STANDARD = gnu11;
				GCC_DYNAMIC_NO_PIC = NO;
				GCC_NO_COMMON_BLOCKS = YES;
				GCC_OPTIMIZATION_LEVEL = 0;
				GCC_PREPROCESSOR_DEFINITIONS = (
					"DEBUG=1",
					"$(inherited)",
				);
				GCC_WARN_64_TO_32_BIT_CONVERSION = YES;
				GCC_WARN_ABOUT_RETURN_TYPE = YES_ERROR;
				GCC_WARN_UNDECLARED_SELECTOR = YES;
				GCC_WARN_UNINITIALIZED_AUTOS = YES_AGGRESSIVE;
				GCC_WARN_UNUSED_FUNCTION = YES;
				GCC_WARN_UNUSED_VARIABLE = YES;
				IPHONEOS_DEPLOYMENT_TARGET = 15.5;
				MTL_ENABLE_DEBUG_INFO = INCLUDE_SOURCE;
				MTL_FAST_MATH = YES;
				ONLY_ACTIVE_ARCH = YES;
				SDKROOT = iphoneos;
				SWIFT_ACTIVE_COMPILATION_CONDITIONS = DEBUG;
				SWIFT_OPTIMIZATION_LEVEL = "-Onone";
			};
			name = Debug;
		};
		81DE28CC288715D1005FC5C9 /* Release */ = {
			isa = XCBuildConfiguration;
			buildSettings = {
				ALWAYS_SEARCH_USER_PATHS = NO;
				CLANG_ANALYZER_NONNULL = YES;
				CLANG_ANALYZER_NUMBER_OBJECT_CONVERSION = YES_AGGRESSIVE;
				CLANG_CXX_LANGUAGE_STANDARD = "gnu++17";
				CLANG_ENABLE_MODULES = YES;
				CLANG_ENABLE_OBJC_ARC = YES;
				CLANG_ENABLE_OBJC_WEAK = YES;
				CLANG_WARN_BLOCK_CAPTURE_AUTORELEASING = YES;
				CLANG_WARN_BOOL_CONVERSION = YES;
				CLANG_WARN_COMMA = YES;
				CLANG_WARN_CONSTANT_CONVERSION = YES;
				CLANG_WARN_DEPRECATED_OBJC_IMPLEMENTATIONS = YES;
				CLANG_WARN_DIRECT_OBJC_ISA_USAGE = YES_ERROR;
				CLANG_WARN_DOCUMENTATION_COMMENTS = YES;
				CLANG_WARN_EMPTY_BODY = YES;
				CLANG_WARN_ENUM_CONVERSION = YES;
				CLANG_WARN_INFINITE_RECURSION = YES;
				CLANG_WARN_INT_CONVERSION = YES;
				CLANG_WARN_NON_LITERAL_NULL_CONVERSION = YES;
				CLANG_WARN_OBJC_IMPLICIT_RETAIN_SELF = YES;
				CLANG_WARN_OBJC_LITERAL_CONVERSION = YES;
				CLANG_WARN_OBJC_ROOT_CLASS = YES_ERROR;
				CLANG_WARN_QUOTED_INCLUDE_IN_FRAMEWORK_HEADER = YES;
				CLANG_WARN_RANGE_LOOP_ANALYSIS = YES;
				CLANG_WARN_STRICT_PROTOTYPES = YES;
				CLANG_WARN_SUSPICIOUS_MOVE = YES;
				CLANG_WARN_UNGUARDED_AVAILABILITY = YES_AGGRESSIVE;
				CLANG_WARN_UNREACHABLE_CODE = YES;
				CLANG_WARN__DUPLICATE_METHOD_MATCH = YES;
				COPY_PHASE_STRIP = NO;
				DEBUG_INFORMATION_FORMAT = "dwarf-with-dsym";
				ENABLE_NS_ASSERTIONS = NO;
				ENABLE_STRICT_OBJC_MSGSEND = YES;
				GCC_C_LANGUAGE_STANDARD = gnu11;
				GCC_NO_COMMON_BLOCKS = YES;
				GCC_WARN_64_TO_32_BIT_CONVERSION = YES;
				GCC_WARN_ABOUT_RETURN_TYPE = YES_ERROR;
				GCC_WARN_UNDECLARED_SELECTOR = YES;
				GCC_WARN_UNINITIALIZED_AUTOS = YES_AGGRESSIVE;
				GCC_WARN_UNUSED_FUNCTION = YES;
				GCC_WARN_UNUSED_VARIABLE = YES;
				IPHONEOS_DEPLOYMENT_TARGET = 15.5;
				MTL_ENABLE_DEBUG_INFO = NO;
				MTL_FAST_MATH = YES;
				SDKROOT = iphoneos;
				SWIFT_COMPILATION_MODE = wholemodule;
				SWIFT_OPTIMIZATION_LEVEL = "-O";
				VALIDATE_PRODUCT = YES;
			};
			name = Release;
		};
		81DE28CE288715D1005FC5C9 /* Debug */ = {
			isa = XCBuildConfiguration;
			baseConfigurationReference = D9B5EFA675998E174C63D231 /* Pods-Forca.debug.xcconfig */;
			buildSettings = {
				ASSETCATALOG_COMPILER_APPICON_NAME = AppIcon;
				ASSETCATALOG_COMPILER_GLOBAL_ACCENT_COLOR_NAME = AccentColor;
				CODE_SIGN_STYLE = Automatic;
				CURRENT_PROJECT_VERSION = 1;
				GENERATE_INFOPLIST_FILE = YES;
				INFOPLIST_FILE = Forca/Info.plist;
				INFOPLIST_KEY_UIApplicationSupportsIndirectInputEvents = YES;
				INFOPLIST_KEY_UILaunchStoryboardName = LaunchScreen;
				INFOPLIST_KEY_UISupportedInterfaceOrientations_iPad = "UIInterfaceOrientationPortrait UIInterfaceOrientationPortraitUpsideDown UIInterfaceOrientationLandscapeLeft UIInterfaceOrientationLandscapeRight";
				INFOPLIST_KEY_UISupportedInterfaceOrientations_iPhone = "UIInterfaceOrientationPortrait UIInterfaceOrientationLandscapeLeft UIInterfaceOrientationLandscapeRight";
				IPHONEOS_DEPLOYMENT_TARGET = 15.5;
				LD_RUNPATH_SEARCH_PATHS = (
					"$(inherited)",
					"@executable_path/Frameworks",
				);
				MARKETING_VERSION = 1.0;
				PRODUCT_BUNDLE_IDENTIFIER = com.cwi.Forca;
				PRODUCT_NAME = "$(TARGET_NAME)";
				SWIFT_EMIT_LOC_STRINGS = YES;
				SWIFT_VERSION = 5.0;
				TARGETED_DEVICE_FAMILY = "1,2";
			};
			name = Debug;
		};
		81DE28CF288715D1005FC5C9 /* Release */ = {
			isa = XCBuildConfiguration;
			baseConfigurationReference = 3694006C27CF149B0BA02392 /* Pods-Forca.release.xcconfig */;
			buildSettings = {
				ASSETCATALOG_COMPILER_APPICON_NAME = AppIcon;
				ASSETCATALOG_COMPILER_GLOBAL_ACCENT_COLOR_NAME = AccentColor;
				CODE_SIGN_STYLE = Automatic;
				CURRENT_PROJECT_VERSION = 1;
				GENERATE_INFOPLIST_FILE = YES;
				INFOPLIST_FILE = Forca/Info.plist;
				INFOPLIST_KEY_UIApplicationSupportsIndirectInputEvents = YES;
				INFOPLIST_KEY_UILaunchStoryboardName = LaunchScreen;
				INFOPLIST_KEY_UISupportedInterfaceOrientations_iPad = "UIInterfaceOrientationPortrait UIInterfaceOrientationPortraitUpsideDown UIInterfaceOrientationLandscapeLeft UIInterfaceOrientationLandscapeRight";
				INFOPLIST_KEY_UISupportedInterfaceOrientations_iPhone = "UIInterfaceOrientationPortrait UIInterfaceOrientationLandscapeLeft UIInterfaceOrientationLandscapeRight";
				IPHONEOS_DEPLOYMENT_TARGET = 15.5;
				LD_RUNPATH_SEARCH_PATHS = (
					"$(inherited)",
					"@executable_path/Frameworks",
				);
				MARKETING_VERSION = 1.0;
				PRODUCT_BUNDLE_IDENTIFIER = com.cwi.Forca;
				PRODUCT_NAME = "$(TARGET_NAME)";
				SWIFT_EMIT_LOC_STRINGS = YES;
				SWIFT_VERSION = 5.0;
				TARGETED_DEVICE_FAMILY = "1,2";
			};
			name = Release;
		};
		81DE28D1288715D1005FC5C9 /* Debug */ = {
			isa = XCBuildConfiguration;
			baseConfigurationReference = 7A6917D73F31943400FE67A6 /* Pods-ForcaTests.debug.xcconfig */;
			buildSettings = {
				ALWAYS_EMBED_SWIFT_STANDARD_LIBRARIES = YES;
				BUNDLE_LOADER = "$(TEST_HOST)";
				CODE_SIGN_STYLE = Automatic;
				CURRENT_PROJECT_VERSION = 1;
				GENERATE_INFOPLIST_FILE = YES;
				IPHONEOS_DEPLOYMENT_TARGET = 15.5;
				MARKETING_VERSION = 1.0;
				PRODUCT_BUNDLE_IDENTIFIER = com.cwi.ForcaTests;
				PRODUCT_NAME = "$(TARGET_NAME)";
				SWIFT_EMIT_LOC_STRINGS = NO;
				SWIFT_VERSION = 5.0;
				TARGETED_DEVICE_FAMILY = "1,2";
				TEST_HOST = "$(BUILT_PRODUCTS_DIR)/Forca.app/Forca";
			};
			name = Debug;
		};
		81DE28D2288715D1005FC5C9 /* Release */ = {
			isa = XCBuildConfiguration;
			baseConfigurationReference = C7A2E87B9CEA87154B1EFA3E /* Pods-ForcaTests.release.xcconfig */;
			buildSettings = {
				ALWAYS_EMBED_SWIFT_STANDARD_LIBRARIES = YES;
				BUNDLE_LOADER = "$(TEST_HOST)";
				CODE_SIGN_STYLE = Automatic;
				CURRENT_PROJECT_VERSION = 1;
				GENERATE_INFOPLIST_FILE = YES;
				IPHONEOS_DEPLOYMENT_TARGET = 15.5;
				MARKETING_VERSION = 1.0;
				PRODUCT_BUNDLE_IDENTIFIER = com.cwi.ForcaTests;
				PRODUCT_NAME = "$(TARGET_NAME)";
				SWIFT_EMIT_LOC_STRINGS = NO;
				SWIFT_VERSION = 5.0;
				TARGETED_DEVICE_FAMILY = "1,2";
				TEST_HOST = "$(BUILT_PRODUCTS_DIR)/Forca.app/Forca";
			};
			name = Release;
		};
		81DE28D4288715D1005FC5C9 /* Debug */ = {
			isa = XCBuildConfiguration;
			baseConfigurationReference = 2402C8EB2E79D52FACE3D3A4 /* Pods-Forca-ForcaUITests.debug.xcconfig */;
			buildSettings = {
				ALWAYS_EMBED_SWIFT_STANDARD_LIBRARIES = YES;
				CODE_SIGN_STYLE = Automatic;
				CURRENT_PROJECT_VERSION = 1;
				GENERATE_INFOPLIST_FILE = YES;
				MARKETING_VERSION = 1.0;
				PRODUCT_BUNDLE_IDENTIFIER = com.cwi.ForcaUITests;
				PRODUCT_NAME = "$(TARGET_NAME)";
				SWIFT_EMIT_LOC_STRINGS = NO;
				SWIFT_VERSION = 5.0;
				TARGETED_DEVICE_FAMILY = "1,2";
				TEST_TARGET_NAME = Forca;
			};
			name = Debug;
		};
		81DE28D5288715D1005FC5C9 /* Release */ = {
			isa = XCBuildConfiguration;
			baseConfigurationReference = FBD4E40A17321C98504D00FC /* Pods-Forca-ForcaUITests.release.xcconfig */;
			buildSettings = {
				ALWAYS_EMBED_SWIFT_STANDARD_LIBRARIES = YES;
				CODE_SIGN_STYLE = Automatic;
				CURRENT_PROJECT_VERSION = 1;
				GENERATE_INFOPLIST_FILE = YES;
				MARKETING_VERSION = 1.0;
				PRODUCT_BUNDLE_IDENTIFIER = com.cwi.ForcaUITests;
				PRODUCT_NAME = "$(TARGET_NAME)";
				SWIFT_EMIT_LOC_STRINGS = NO;
				SWIFT_VERSION = 5.0;
				TARGETED_DEVICE_FAMILY = "1,2";
				TEST_TARGET_NAME = Forca;
			};
			name = Release;
		};
/* End XCBuildConfiguration section */

/* Begin XCConfigurationList section */
		81DE289E288715CF005FC5C9 /* Build configuration list for PBXProject "Forca" */ = {
			isa = XCConfigurationList;
			buildConfigurations = (
				81DE28CB288715D1005FC5C9 /* Debug */,
				81DE28CC288715D1005FC5C9 /* Release */,
			);
			defaultConfigurationIsVisible = 0;
			defaultConfigurationName = Release;
		};
		81DE28CD288715D1005FC5C9 /* Build configuration list for PBXNativeTarget "Forca" */ = {
			isa = XCConfigurationList;
			buildConfigurations = (
				81DE28CE288715D1005FC5C9 /* Debug */,
				81DE28CF288715D1005FC5C9 /* Release */,
			);
			defaultConfigurationIsVisible = 0;
			defaultConfigurationName = Release;
		};
		81DE28D0288715D1005FC5C9 /* Build configuration list for PBXNativeTarget "ForcaTests" */ = {
			isa = XCConfigurationList;
			buildConfigurations = (
				81DE28D1288715D1005FC5C9 /* Debug */,
				81DE28D2288715D1005FC5C9 /* Release */,
			);
			defaultConfigurationIsVisible = 0;
			defaultConfigurationName = Release;
		};
		81DE28D3288715D1005FC5C9 /* Build configuration list for PBXNativeTarget "ForcaUITests" */ = {
			isa = XCConfigurationList;
			buildConfigurations = (
				81DE28D4288715D1005FC5C9 /* Debug */,
				81DE28D5288715D1005FC5C9 /* Release */,
			);
			defaultConfigurationIsVisible = 0;
			defaultConfigurationName = Release;
		};
/* End XCConfigurationList section */
	};
	rootObject = 81DE289B288715CF005FC5C9 /* Project object */;
}
